{
  "R": {
    "Version": "3.5.3",
    "Repositories": [
      {
        "Name": "CRAN",
        "URL": "https://mran.microsoft.com/snapshot/2019-04-07"
      }
    ]
  },
  "Packages": {
    "BH": {
      "Package": "BH",
      "Version": "1.69.0-1",
      "Source": "Repository",
      "Repository": "CRAN",
      "Hash": "88e64b38758666b85d283617231bb766"
    },
    "FNN": {
      "Package": "FNN",
      "Version": "1.1.3",
      "Source": "Repository",
      "Repository": "CRAN",
      "Hash": "cb654d75ffba0bbe3119a7f2139a9afb"
    },
    "Matrix": {
      "Package": "Matrix",
      "Version": "1.2-15",
      "Source": "Repository",
      "Repository": "CRAN",
      "Hash": "9c5038aa0d5e8929162e780e42cf44fe"
    },
    "R6": {
      "Package": "R6",
      "Version": "2.4.0",
      "Source": "Repository",
      "Repository": "CRAN",
      "Hash": "d42941d973f7f28b32f694bc89fb9d5f"
    },
    "RSpectra": {
      "Package": "RSpectra",
      "Version": "0.14-0",
      "Source": "Repository",
      "Repository": "CRAN",
      "Hash": "498ef09f324cdcedbaca7478c393a8d6"
    },
    "Rcpp": {
      "Package": "Rcpp",
      "Version": "1.0.1",
      "Source": "Repository",
      "Repository": "CRAN",
      "Hash": "542a8dbcf371718e4dee591341d28c43"
    },
    "RcppAnnoy": {
      "Package": "RcppAnnoy",
      "Version": "0.0.11",
      "Source": "Repository",
      "Repository": "CRAN",
      "Hash": "b68e418afcd2e61746fa7910900fadc5"
    },
    "RcppEigen": {
      "Package": "RcppEigen",
      "Version": "0.3.3.5.0",
      "Source": "Repository",
      "Repository": "CRAN",
      "Hash": "8aed0c924f0fa48808d3b09b13ffc031"
    },
    "RcppParallel": {
      "Package": "RcppParallel",
      "Version": "4.4.2",
      "Source": "Repository",
      "Repository": "CRAN",
      "Hash": "c6dca44bae0f962b8b9ecf786d2838e0"
    },
    "RcppProgress": {
      "Package": "RcppProgress",
      "Version": "0.4.1",
      "Source": "Repository",
      "Repository": "CRAN",
      "Hash": "ead6b7031496a29c5bd741d8ec6ca551"
    },
    "assertthat": {
      "Package": "assertthat",
      "Version": "0.2.1",
      "Source": "Repository",
      "Repository": "CRAN",
      "Hash": "263effaa484b1dc3013cf1c1e8f6624e"
    },
    "cli": {
      "Package": "cli",
      "Version": "1.1.0",
      "Source": "Repository",
      "Repository": "CRAN",
      "Hash": "c0a5f242aa2259cf7e40da04bb89f5d8"
    },
    "crayon": {
      "Package": "crayon",
      "Version": "1.3.4",
      "Source": "Repository",
      "Repository": "CRAN",
      "Hash": "1e93bda8f2b60a0defc85c82a39e2891"
    },
    "dplyr": {
      "Package": "dplyr",
      "Version": "0.8.0.1",
      "Source": "Repository",
      "Repository": "CRAN",
      "Hash": "30e02c841d82e1aecafbd080297c2b82"
    },
    "dqrng": {
      "Package": "dqrng",
      "Version": "0.1.1",
      "Source": "Repository",
      "Repository": "CRAN",
      "Hash": "c03d24f0a2261892b904c47b71dcf693"
    },
    "fansi": {
      "Package": "fansi",
      "Version": "0.4.0",
      "Source": "Repository",
      "Repository": "CRAN",
      "Hash": "7e8ca3a2d400cbdaf72a602e9833c920"
    },
    "glue": {
      "Package": "glue",
      "Version": "1.3.1",
      "Source": "Repository",
      "Repository": "CRAN",
      "Hash": "156f76da413ebe13f4d7e65ae6a5d19f"
    },
    "irlba": {
      "Package": "irlba",
      "Version": "2.3.3",
      "Source": "Repository",
      "Repository": "CRAN",
      "Hash": "8aead5e4b6a237340cee2c78cfa83fb5"
    },
    "lattice": {
      "Package": "lattice",
      "Version": "0.20-38",
      "Source": "Repository",
      "Repository": "CRAN",
      "Hash": "16dfe2407fe485b6a9fb098120008721"
    },
    "magrittr": {
      "Package": "magrittr",
      "Version": "1.5",
      "Source": "Repository",
      "Repository": "CRAN",
      "Hash": "cb6367fec3fd68ff41424fe9797b8eaf"
    },
    "mtercen": {
      "Package": "mtercen",
      "Version": "1.0.6",
      "Source": "GitHub",
      "RemoteType": "github",
      "RemoteHost": "api.github.com",
      "RemoteRepo": "mtercen",
      "RemoteUsername": "tercen",
      "RemoteRef": "1.0.6",
      "RemoteSha": "a31ea3cd5cf902ed392e7d10aa07cabf2e952723",
      "Hash": "0ada34b29d89ae497aa3bc70e694acfb"
    },
    "pillar": {
      "Package": "pillar",
      "Version": "1.3.1",
      "Source": "Repository",
      "Repository": "CRAN",
      "Hash": "51db60c7399a1043d4757d11530d91c4"
    },
    "pkgconfig": {
      "Package": "pkgconfig",
      "Version": "2.0.2",
      "Source": "Repository",
      "Repository": "CRAN",
      "Hash": "47f492c929356d52b15018b5827cf857"
    },
    "plogr": {
      "Package": "plogr",
      "Version": "0.2.0",
      "Source": "Repository",
      "Repository": "CRAN",
      "Hash": "4f3b95dcac0fc64e36666ac8e6430fc7"
    },
    "purrr": {
      "Package": "purrr",
      "Version": "0.3.2",
      "Source": "Repository",
      "Repository": "CRAN",
      "Hash": "19767ff705a04566e2f396e15ccc1b39"
    },
    "rlang": {
      "Package": "rlang",
      "Version": "0.3.3",
      "Source": "Repository",
      "Repository": "CRAN",
      "Hash": "ce26c85191896eaedbe41a17aa5380b3"
    },
    "sitmo": {
      "Package": "sitmo",
      "Version": "2.0.1",
      "Source": "Repository",
      "Repository": "CRAN",
      "Hash": "7d0cb97c8b30cd46867fc6243f8faf7b"
    },
    "teRcenHttp": {
      "Package": "teRcenHttp",
      "Version": "1.0.10",
      "Source": "GitHub",
      "RemoteType": "github",
      "RemoteHost": "api.github.com",
      "RemoteRepo": "teRcenHttp",
      "RemoteUsername": "tercen",
      "RemoteRef": "1.0.10",
      "RemoteSha": "1da1be1dd817374278bf79db44c9ae2abfae820c",
      "Hash": "b6fdf13a3bdfd89bf4b17a73b0fb3e2f"
    },
    "tercen": {
      "Package": "tercen",
      "Version": "0.9.1",
      "Source": "GitHub",
      "Remotes": "tercen/teRcenHttp@1.0.10, tercen/mtercen@1.0.6",
      "RemoteType": "github",
      "RemoteHost": "api.github.com",
      "RemoteRepo": "teRcen",
      "RemoteUsername": "tercen",
      "RemoteRef": "0.9.1",
      "RemoteSha": "ebf13d282a5fa8641be0524344770477e97056fb",
      "Hash": "0fe5e6d228acd2763e4d4ca8945c23df"
    },
    "tibble": {
      "Package": "tibble",
      "Version": "2.1.1",
      "Source": "Repository",
      "Repository": "CRAN",
      "Hash": "12ce38efdfe72eb34c31873431337e35"
    },
    "tidyselect": {
      "Package": "tidyselect",
      "Version": "0.2.5",
      "Source": "Repository",
      "Repository": "CRAN",
      "Hash": "66c1a6de7f98266b76503698f2ca111d"
    },
    "utf8": {
      "Package": "utf8",
      "Version": "1.1.4",
      "Source": "Repository",
      "Repository": "CRAN",
      "Hash": "557d1cc1d7b4ff362db5990acc00f2a0"
    },
    "uwot": {
      "Package": "uwot",
      "Version": "0.1.4",
      "Source": "GitHub",
      "RemoteType": "github",
      "RemoteHost": "api.github.com",
      "RemoteRepo": "uwot",
      "RemoteUsername": "jlmelville",
      "RemoteRef": "master",
      "RemoteSha": "1121ab4e834a3e566d9a16546dfd490b52cfbd60",
      "Hash": "87fe5ac676c5ae50117db95fd2125680"
    },
    "yaml": {
      "Package": "yaml",
      "Version": "2.2.0",
      "Source": "Repository",
      "Repository": "CRAN",
      "Hash": "e75dfa28ca59a73adfabf6899ce04472"
    }
  }
}
